// !$*UTF8*$!
{
	archiveVersion = 1;
	classes = {
	};
	objectVersion = 46;
	objects = {

/* Begin PBXBuildFile section */
		7954E83B16BE71930083FF27 /* UIKit.framework in Frameworks */ = {isa = PBXBuildFile; fileRef = 7954E83A16BE71930083FF27 /* UIKit.framework */; };
		7954E83D16BE71930083FF27 /* Foundation.framework in Frameworks */ = {isa = PBXBuildFile; fileRef = 7954E83C16BE71930083FF27 /* Foundation.framework */; };
		7954E83F16BE71930083FF27 /* CoreGraphics.framework in Frameworks */ = {isa = PBXBuildFile; fileRef = 7954E83E16BE71930083FF27 /* CoreGraphics.framework */; };
		7954E84516BE71930083FF27 /* InfoPlist.strings in Resources */ = {isa = PBXBuildFile; fileRef = 7954E84316BE71930083FF27 /* InfoPlist.strings */; };
		7954E84716BE71930083FF27 /* main.m in Sources */ = {isa = PBXBuildFile; fileRef = 7954E84616BE71930083FF27 /* main.m */; };
		7954E84B16BE71930083FF27 /* AppDelegate.m in Sources */ = {isa = PBXBuildFile; fileRef = 7954E84A16BE71930083FF27 /* AppDelegate.m */; };
		7954E85616BE75CB0083FF27 /* README.md in Resources */ = {isa = PBXBuildFile; fileRef = 7954E85516BE75CB0083FF27 /* README.md */; };
		7954E85A16BE75F60083FF27 /* ViewController.m in Sources */ = {isa = PBXBuildFile; fileRef = 7954E85916BE75F60083FF27 /* ViewController.m */; };
		7954E8AA16BE7E830083FF27 /* Three20.bundle in Resources */ = {isa = PBXBuildFile; fileRef = 7954E8A916BE7E830083FF27 /* Three20.bundle */; };
		7954E8AB16BE7E9F0083FF27 /* libThree20.a in Frameworks */ = {isa = PBXBuildFile; fileRef = 7954E89016BE79680083FF27 /* libThree20.a */; };
		7954E8B216BE7EA00083FF27 /* libThree20Core.a in Frameworks */ = {isa = PBXBuildFile; fileRef = 7954E8AC16BE7E9F0083FF27 /* libThree20Core.a */; };
		7954E8B316BE7EA00083FF27 /* libThree20Network.a in Frameworks */ = {isa = PBXBuildFile; fileRef = 7954E8AD16BE7EA00083FF27 /* libThree20Network.a */; };
		7954E8B416BE7EA00083FF27 /* libThree20Style.a in Frameworks */ = {isa = PBXBuildFile; fileRef = 7954E8AE16BE7EA00083FF27 /* libThree20Style.a */; };
		7954E8B516BE7EA00083FF27 /* libThree20UI.a in Frameworks */ = {isa = PBXBuildFile; fileRef = 7954E8AF16BE7EA00083FF27 /* libThree20UI.a */; };
		7954E8B616BE7EA00083FF27 /* libThree20UICommon.a in Frameworks */ = {isa = PBXBuildFile; fileRef = 7954E8B016BE7EA00083FF27 /* libThree20UICommon.a */; };
		7954E8B716BE7EA00083FF27 /* libThree20UINavigator.a in Frameworks */ = {isa = PBXBuildFile; fileRef = 7954E8B116BE7EA00083FF27 /* libThree20UINavigator.a */; };
		7954E8B916BE7EB60083FF27 /* QuartzCore.framework in Frameworks */ = {isa = PBXBuildFile; fileRef = 7954E8B816BE7EB60083FF27 /* QuartzCore.framework */; };
/* End PBXBuildFile section */

/* Begin PBXContainerItemProxy section */
		7954E88F16BE79680083FF27 /* PBXContainerItemProxy */ = {
			isa = PBXContainerItemProxy;
			containerPortal = 7954E86416BE79670083FF27 /* Three20.xcodeproj */;
			proxyType = 2;
			remoteGlobalIDString = BEF31F3A0F352DF5000DE5D2;
			remoteInfo = Three20;
		};
		7954E89116BE79680083FF27 /* PBXContainerItemProxy */ = {
			isa = PBXContainerItemProxy;
			containerPortal = 7954E86416BE79670083FF27 /* Three20.xcodeproj */;
			proxyType = 2;
			remoteGlobalIDString = EB9E6C6210B6A8F800DE563C;
			remoteInfo = Three20UnitTests;
		};
/* End PBXContainerItemProxy section */

/* Begin PBXFileReference section */
		7954E83616BE71930083FF27 /* three20Demo.app */ = {isa = PBXFileReference; explicitFileType = wrapper.application; includeInIndex = 0; path = three20Demo.app; sourceTree = BUILT_PRODUCTS_DIR; };
		7954E83A16BE71930083FF27 /* UIKit.framework */ = {isa = PBXFileReference; lastKnownFileType = wrapper.framework; name = UIKit.framework; path = System/Library/Frameworks/UIKit.framework; sourceTree = SDKROOT; };
		7954E83C16BE71930083FF27 /* Foundation.framework */ = {isa = PBXFileReference; lastKnownFileType = wrapper.framework; name = Foundation.framework; path = System/Library/Frameworks/Foundation.framework; sourceTree = SDKROOT; };
		7954E83E16BE71930083FF27 /* CoreGraphics.framework */ = {isa = PBXFileReference; lastKnownFileType = wrapper.framework; name = CoreGraphics.framework; path = System/Library/Frameworks/CoreGraphics.framework; sourceTree = SDKROOT; };
		7954E84216BE71930083FF27 /* three20Demo-Info.plist */ = {isa = PBXFileReference; lastKnownFileType = text.plist.xml; path = "three20Demo-Info.plist"; sourceTree = "<group>"; };
		7954E84416BE71930083FF27 /* en */ = {isa = PBXFileReference; lastKnownFileType = text.plist.strings; name = en; path = en.lproj/InfoPlist.strings; sourceTree = "<group>"; };
		7954E84616BE71930083FF27 /* main.m */ = {isa = PBXFileReference; lastKnownFileType = sourcecode.c.objc; path = main.m; sourceTree = "<group>"; };
		7954E84816BE71930083FF27 /* three20Demo-Prefix.pch */ = {isa = PBXFileReference; lastKnownFileType = sourcecode.c.h; path = "three20Demo-Prefix.pch"; sourceTree = "<group>"; };
		7954E84916BE71930083FF27 /* AppDelegate.h */ = {isa = PBXFileReference; lastKnownFileType = sourcecode.c.h; path = AppDelegate.h; sourceTree = "<group>"; };
		7954E84A16BE71930083FF27 /* AppDelegate.m */ = {isa = PBXFileReference; lastKnownFileType = sourcecode.c.objc; path = AppDelegate.m; sourceTree = "<group>"; };
		7954E85516BE75CB0083FF27 /* README.md */ = {isa = PBXFileReference; fileEncoding = 4; lastKnownFileType = text; path = README.md; sourceTree = "<group>"; };
		7954E85816BE75F60083FF27 /* ViewController.h */ = {isa = PBXFileReference; fileEncoding = 4; lastKnownFileType = sourcecode.c.h; path = ViewController.h; sourceTree = "<group>"; };
		7954E85916BE75F60083FF27 /* ViewController.m */ = {isa = PBXFileReference; fileEncoding = 4; lastKnownFileType = sourcecode.c.objc; path = ViewController.m; sourceTree = "<group>"; };
		7954E86416BE79670083FF27 /* Three20.xcodeproj */ = {isa = PBXFileReference; lastKnownFileType = "wrapper.pb-project"; name = Three20.xcodeproj; path = "three20-master/src/Three20/Three20.xcodeproj"; sourceTree = "<group>"; };
		7954E8A916BE7E830083FF27 /* Three20.bundle */ = {isa = PBXFileReference; lastKnownFileType = "wrapper.plug-in"; name = Three20.bundle; path = "three20-master/src/Three20.bundle"; sourceTree = "<group>"; };
		7954E8AC16BE7E9F0083FF27 /* libThree20Core.a */ = {isa = PBXFileReference; lastKnownFileType = archive.ar; name = libThree20Core.a; path = "three20-master/Build/Products/Release-iphoneos/libThree20Core.a"; sourceTree = "<group>"; };
		7954E8AD16BE7EA00083FF27 /* libThree20Network.a */ = {isa = PBXFileReference; lastKnownFileType = archive.ar; name = libThree20Network.a; path = "three20-master/Build/Products/Release-iphoneos/libThree20Network.a"; sourceTree = "<group>"; };
		7954E8AE16BE7EA00083FF27 /* libThree20Style.a */ = {isa = PBXFileReference; lastKnownFileType = archive.ar; name = libThree20Style.a; path = "three20-master/Build/Products/Release-iphoneos/libThree20Style.a"; sourceTree = "<group>"; };
		7954E8AF16BE7EA00083FF27 /* libThree20UI.a */ = {isa = PBXFileReference; lastKnownFileType = archive.ar; name = libThree20UI.a; path = "three20-master/Build/Products/Release-iphoneos/libThree20UI.a"; sourceTree = "<group>"; };
		7954E8B016BE7EA00083FF27 /* libThree20UICommon.a */ = {isa = PBXFileReference; lastKnownFileType = archive.ar; name = libThree20UICommon.a; path = "three20-master/Build/Products/Release-iphoneos/libThree20UICommon.a"; sourceTree = "<group>"; };
		7954E8B116BE7EA00083FF27 /* libThree20UINavigator.a */ = {isa = PBXFileReference; lastKnownFileType = archive.ar; name = libThree20UINavigator.a; path = "three20-master/Build/Products/Release-iphoneos/libThree20UINavigator.a"; sourceTree = "<group>"; };
		7954E8B816BE7EB60083FF27 /* QuartzCore.framework */ = {isa = PBXFileReference; lastKnownFileType = wrapper.framework; name = QuartzCore.framework; path = System/Library/Frameworks/QuartzCore.framework; sourceTree = SDKROOT; };
/* End PBXFileReference section */

/* Begin PBXFrameworksBuildPhase section */
		7954E83316BE71930083FF27 /* Frameworks */ = {
			isa = PBXFrameworksBuildPhase;
			buildActionMask = 2147483647;
			files = (
				7954E8B916BE7EB60083FF27 /* QuartzCore.framework in Frameworks */,
				7954E8B216BE7EA00083FF27 /* libThree20Core.a in Frameworks */,
				7954E8B316BE7EA00083FF27 /* libThree20Network.a in Frameworks */,
				7954E8B416BE7EA00083FF27 /* libThree20Style.a in Frameworks */,
				7954E8B516BE7EA00083FF27 /* libThree20UI.a in Frameworks */,
				7954E8B616BE7EA00083FF27 /* libThree20UICommon.a in Frameworks */,
				7954E8B716BE7EA00083FF27 /* libThree20UINavigator.a in Frameworks */,
				7954E8AB16BE7E9F0083FF27 /* libThree20.a in Frameworks */,
				7954E83B16BE71930083FF27 /* UIKit.framework in Frameworks */,
				7954E83D16BE71930083FF27 /* Foundation.framework in Frameworks */,
				7954E83F16BE71930083FF27 /* CoreGraphics.framework in Frameworks */,
			);
			runOnlyForDeploymentPostprocessing = 0;
		};
/* End PBXFrameworksBuildPhase section */

/* Begin PBXGroup section */
		7954E82B16BE71930083FF27 = {
			isa = PBXGroup;
			children = (
				7954E85516BE75CB0083FF27 /* README.md */,
				7954E8A916BE7E830083FF27 /* Three20.bundle */,
				7954E86416BE79670083FF27 /* Three20.xcodeproj */,
				7954E84016BE71930083FF27 /* three20Demo */,
				7954E83916BE71930083FF27 /* Frameworks */,
				7954E83716BE71930083FF27 /* Products */,
			);
			sourceTree = "<group>";
		};
		7954E83716BE71930083FF27 /* Products */ = {
			isa = PBXGroup;
			children = (
				7954E83616BE71930083FF27 /* three20Demo.app */,
			);
			name = Products;
			sourceTree = "<group>";
		};
		7954E83916BE71930083FF27 /* Frameworks */ = {
			isa = PBXGroup;
			children = (
				7954E8B816BE7EB60083FF27 /* QuartzCore.framework */,
				7954E8AC16BE7E9F0083FF27 /* libThree20Core.a */,
				7954E8AD16BE7EA00083FF27 /* libThree20Network.a */,
				7954E8AE16BE7EA00083FF27 /* libThree20Style.a */,
				7954E8AF16BE7EA00083FF27 /* libThree20UI.a */,
				7954E8B016BE7EA00083FF27 /* libThree20UICommon.a */,
				7954E8B116BE7EA00083FF27 /* libThree20UINavigator.a */,
				7954E83A16BE71930083FF27 /* UIKit.framework */,
				7954E83C16BE71930083FF27 /* Foundation.framework */,
				7954E83E16BE71930083FF27 /* CoreGraphics.framework */,
			);
			name = Frameworks;
			sourceTree = "<group>";
		};
		7954E84016BE71930083FF27 /* three20Demo */ = {
			isa = PBXGroup;
			children = (
				7954E84916BE71930083FF27 /* AppDelegate.h */,
				7954E84A16BE71930083FF27 /* AppDelegate.m */,
				7954E85816BE75F60083FF27 /* ViewController.h */,
				7954E85916BE75F60083FF27 /* ViewController.m */,
				7954E84116BE71930083FF27 /* Supporting Files */,
			);
			path = three20Demo;
			sourceTree = "<group>";
		};
		7954E84116BE71930083FF27 /* Supporting Files */ = {
			isa = PBXGroup;
			children = (
				7954E84216BE71930083FF27 /* three20Demo-Info.plist */,
				7954E84316BE71930083FF27 /* InfoPlist.strings */,
				7954E84616BE71930083FF27 /* main.m */,
				7954E84816BE71930083FF27 /* three20Demo-Prefix.pch */,
			);
			name = "Supporting Files";
			sourceTree = "<group>";
		};
		7954E86516BE79670083FF27 /* Products */ = {
			isa = PBXGroup;
			children = (
				7954E89016BE79680083FF27 /* libThree20.a */,
				7954E89216BE79680083FF27 /* Three20UnitTests.octest */,
			);
			name = Products;
			sourceTree = "<group>";
		};
/* End PBXGroup section */

/* Begin PBXNativeTarget section */
		7954E83516BE71930083FF27 /* three20Demo */ = {
			isa = PBXNativeTarget;
			buildConfigurationList = 7954E84E16BE71930083FF27 /* Build configuration list for PBXNativeTarget "three20Demo" */;
			buildPhases = (
				7954E83216BE71930083FF27 /* Sources */,
				7954E83316BE71930083FF27 /* Frameworks */,
				7954E83416BE71930083FF27 /* Resources */,
			);
			buildRules = (
			);
			dependencies = (
			);
			name = three20Demo;
			productName = three20Demo;
			productReference = 7954E83616BE71930083FF27 /* three20Demo.app */;
			productType = "com.apple.product-type.application";
		};
/* End PBXNativeTarget section */

/* Begin PBXProject section */
		7954E82D16BE71930083FF27 /* Project object */ = {
			isa = PBXProject;
			attributes = {
				LastUpgradeCheck = 0420;
				ORGANIZATIONNAME = 113;
			};
			buildConfigurationList = 7954E83016BE71930083FF27 /* Build configuration list for PBXProject "three20Demo" */;
			compatibilityVersion = "Xcode 3.2";
			developmentRegion = English;
			hasScannedForEncodings = 0;
			knownRegions = (
				en,
			);
			mainGroup = 7954E82B16BE71930083FF27;
			productRefGroup = 7954E83716BE71930083FF27 /* Products */;
			projectDirPath = "";
			projectReferences = (
				{
					ProductGroup = 7954E86516BE79670083FF27 /* Products */;
					ProjectRef = 7954E86416BE79670083FF27 /* Three20.xcodeproj */;
				},
			);
			projectRoot = "";
			targets = (
				7954E83516BE71930083FF27 /* three20Demo */,
			);
		};
/* End PBXProject section */

/* Begin PBXReferenceProxy section */
		7954E89016BE79680083FF27 /* libThree20.a */ = {
			isa = PBXReferenceProxy;
			fileType = archive.ar;
			path = libThree20.a;
			remoteRef = 7954E88F16BE79680083FF27 /* PBXContainerItemProxy */;
			sourceTree = BUILT_PRODUCTS_DIR;
		};
		7954E89216BE79680083FF27 /* Three20UnitTests.octest */ = {
			isa = PBXReferenceProxy;
			fileType = wrapper.cfbundle;
			path = Three20UnitTests.octest;
			remoteRef = 7954E89116BE79680083FF27 /* PBXContainerItemProxy */;
			sourceTree = BUILT_PRODUCTS_DIR;
		};
/* End PBXReferenceProxy section */

/* Begin PBXResourcesBuildPhase section */
		7954E83416BE71930083FF27 /* Resources */ = {
			isa = PBXResourcesBuildPhase;
			buildActionMask = 2147483647;
			files = (
				7954E84516BE71930083FF27 /* InfoPlist.strings in Resources */,
				7954E85616BE75CB0083FF27 /* README.md in Resources */,
				7954E8AA16BE7E830083FF27 /* Three20.bundle in Resources */,
			);
			runOnlyForDeploymentPostprocessing = 0;
		};
/* End PBXResourcesBuildPhase section */

/* Begin PBXSourcesBuildPhase section */
		7954E83216BE71930083FF27 /* Sources */ = {
			isa = PBXSourcesBuildPhase;
			buildActionMask = 2147483647;
			files = (
				7954E84716BE71930083FF27 /* main.m in Sources */,
				7954E84B16BE71930083FF27 /* AppDelegate.m in Sources */,
				7954E85A16BE75F60083FF27 /* ViewController.m in Sources */,
			);
			runOnlyForDeploymentPostprocessing = 0;
		};
/* End PBXSourcesBuildPhase section */

/* Begin PBXVariantGroup section */
		7954E84316BE71930083FF27 /* InfoPlist.strings */ = {
			isa = PBXVariantGroup;
			children = (
				7954E84416BE71930083FF27 /* en */,
			);
			name = InfoPlist.strings;
			sourceTree = "<group>";
		};
/* End PBXVariantGroup section */

/* Begin XCBuildConfiguration section */
		7954E84C16BE71930083FF27 /* Debug */ = {
			isa = XCBuildConfiguration;
			buildSettings = {
				ALWAYS_SEARCH_USER_PATHS = NO;
				ARCHS = "$(ARCHS_STANDARD_32_BIT)";
				"CODE_SIGN_IDENTITY[sdk=iphoneos*]" = "iPhone Developer";
				COPY_PHASE_STRIP = NO;
				GCC_C_LANGUAGE_STANDARD = gnu99;
				GCC_DYNAMIC_NO_PIC = NO;
				GCC_OPTIMIZATION_LEVEL = 0;
				GCC_PREPROCESSOR_DEFINITIONS = (
					"DEBUG=1",
					"$(inherited)",
				);
				GCC_SYMBOLS_PRIVATE_EXTERN = NO;
				GCC_VERSION = com.apple.compilers.llvm.clang.1_0;
				GCC_WARN_ABOUT_MISSING_PROTOTYPES = YES;
				GCC_WARN_ABOUT_RETURN_TYPE = YES;
				GCC_WARN_UNUSED_VARIABLE = YES;
				IPHONEOS_DEPLOYMENT_TARGET = 5.0;
				SDKROOT = iphoneos;
				TARGETED_DEVICE_FAMILY = "1,2";
			};
			name = Debug;
		};
		7954E84D16BE71930083FF27 /* Release */ = {
			isa = XCBuildConfiguration;
			buildSettings = {
				ALWAYS_SEARCH_USER_PATHS = NO;
				ARCHS = "$(ARCHS_STANDARD_32_BIT)";
				"CODE_SIGN_IDENTITY[sdk=iphoneos*]" = "iPhone Developer";
				COPY_PHASE_STRIP = YES;
				GCC_C_LANGUAGE_STANDARD = gnu99;
				GCC_VERSION = com.apple.compilers.llvm.clang.1_0;
				GCC_WARN_ABOUT_MISSING_PROTOTYPES = YES;
				GCC_WARN_ABOUT_RETURN_TYPE = YES;
				GCC_WARN_UNUSED_VARIABLE = YES;
				IPHONEOS_DEPLOYMENT_TARGET = 5.0;
				OTHER_CFLAGS = "-DNS_BLOCK_ASSERTIONS=1";
				SDKROOT = iphoneos;
				TARGETED_DEVICE_FAMILY = "1,2";
				VALIDATE_PRODUCT = YES;
			};
			name = Release;
		};
		7954E84F16BE71930083FF27 /* Debug */ = {
			isa = XCBuildConfiguration;
			buildSettings = {
				GCC_PRECOMPILE_PREFIX_HEADER = YES;
				GCC_PREFIX_HEADER = "three20Demo/three20Demo-Prefix.pch";
				HEADER_SEARCH_PATHS = "./three20-master/Build/Products/three20/**";
				INFOPLIST_FILE = "three20Demo/three20Demo-Info.plist";
				LIBRARY_SEARCH_PATHS = (
					"$(inherited)",
					"./three20-master/Build/Products/Debug-iphonesimulator",
				);
				OTHER_LDFLAGS = (
					"-ObjC",
					"-all_load",
				);
				PRODUCT_NAME = "$(TARGET_NAME)";
				WRAPPER_EXTENSION = app;
			};
			name = Debug;
		};
		7954E85016BE71930083FF27 /* Release */ = {
			isa = XCBuildConfiguration;
			buildSettings = {
				GCC_PRECOMPILE_PREFIX_HEADER = YES;
				GCC_PREFIX_HEADER = "three20Demo/three20Demo-Prefix.pch";
				HEADER_SEARCH_PATHS = "./three20-master/Build/Products/three20/**";
				INFOPLIST_FILE = "three20Demo/three20Demo-Info.plist";
				LIBRARY_SEARCH_PATHS = (
					"$(inherited)",
					"./three20-master/Build/Products/Debug-iphonesimulator",
				);
				OTHER_LDFLAGS = (
					"-ObjC",
					"-all_load",
				);
				PRODUCT_NAME = "$(TARGET_NAME)";
				WRAPPER_EXTENSION = app;
			};
			name = Release;
		};
/* End XCBuildConfiguration section */

/* Begin XCConfigurationList section */
		7954E83016BE71930083FF27 /* Build configuration list for PBXProject "three20Demo" */ = {
			isa = XCConfigurationList;
			buildConfigurations = (
				7954E84C16BE71930083FF27 /* Debug */,
				7954E84D16BE71930083FF27 /* Release */,
			);
			defaultConfigurationIsVisible = 0;
			defaultConfigurationName = Release;
		};
		7954E84E16BE71930083FF27 /* Build configuration list for PBXNativeTarget "three20Demo" */ = {
			isa = XCConfigurationList;
			buildConfigurations = (
				7954E84F16BE71930083FF27 /* Debug */,
				7954E85016BE71930083FF27 /* Release */,
			);
			defaultConfigurationIsVisible = 0;
			defaultConfigurationName = Release;
		};
/* End XCConfigurationList section */
	};
	rootObject = 7954E82D16BE71930083FF27 /* Project object */;
}
